
Microsoft Visual Studio Solution File, Format Version 12.00
# Visual Studio Version 17
VisualStudioVersion = 17.0.31903.59
MinimumVisualStudioVersion = 10.0.40219.1
Project("{FAE04EC0-301F-11D3-BF4B-00C04F79EFBC}") = "ContainerSeries.AppHost", "ContainerSeries.AppHost\ContainerSeries.AppHost.csproj", "{93AB430E-E258-4366-A22D-8186A7635C13}"
EndProject
Project("{FAE04EC0-301F-11D3-BF4B-00C04F79EFBC}") = "ContainerSeries.Api", "ContainerSeries.Api\ContainerSeries.Api.csproj", "{FB3840C3-A736-4E14-8AE9-3B5E451AD5E8}"
EndProject
Project("{FAE04EC0-301F-11D3-BF4B-00C04F79EFBC}") = "ContainerSeries.ServiceDefaults", "ContainerSeries.ServiceDefaults\ContainerSeries.ServiceDefaults.csproj", "{2E4F7475-8A44-44DE-97D8-C8BC256D256B}"
EndProject
Project("{FAE04EC0-301F-11D3-BF4B-00C04F79EFBC}") = "ContainerSeries.NotificationService", "ContainerSeries.NotificationService\ContainerSeries.NotificationService.csproj", "{EFCDF5B5-73E9-4C60-9D2B-ED2EC51A022A}"
EndProject
Project("{FAE04EC0-301F-11D3-BF4B-00C04F79EFBC}") = "ContainerSeries.OrderService", "ContainerSeries.OrderService\ContainerSeries.OrderService.csproj", "{8FAF1390-D568-448E-960D-7B200064E160}"
EndProject
Project("{FAE04EC0-301F-11D3-BF4B-00C04F79EFBC}") = "ContainerSeries.Web", "ContainerSeries.Web\ContainerSeries.Web.csproj", "{DD503B65-DFA8-4064-950E-CC3D1F2DDDDA}"
EndProject
Global
	GlobalSection(SolutionConfigurationPlatforms) = preSolution
		Debug|Any CPU = Debug|Any CPU
		Debug|x64 = Debug|x64
		Debug|x86 = Debug|x86
		Release|Any CPU = Release|Any CPU
		Release|x64 = Release|x64
		Release|x86 = Release|x86
	EndGlobalSection
	GlobalSection(ProjectConfigurationPlatforms) = postSolution
		{93AB430E-E258-4366-A22D-8186A7635C13}.Debug|Any CPU.ActiveCfg = Debug|Any CPU
		{93AB430E-E258-4366-A22D-8186A7635C13}.Debug|Any CPU.Build.0 = Debug|Any CPU
		{93AB430E-E258-4366-A22D-8186A7635C13}.Debug|x64.ActiveCfg = Debug|Any CPU
		{93AB430E-E258-4366-A22D-8186A7635C13}.Debug|x64.Build.0 = Debug|Any CPU
		{93AB430E-E258-4366-A22D-8186A7635C13}.Debug|x86.ActiveCfg = Debug|Any CPU
		{93AB430E-E258-4366-A22D-8186A7635C13}.Debug|x86.Build.0 = Debug|Any CPU
		{93AB430E-E258-4366-A22D-8186A7635C13}.Release|Any CPU.ActiveCfg = Release|Any CPU
		{93AB430E-E258-4366-A22D-8186A7635C13}.Release|Any CPU.Build.0 = Release|Any CPU
		{93AB430E-E258-4366-A22D-8186A7635C13}.Release|x64.ActiveCfg = Release|Any CPU
		{93AB430E-E258-4366-A22D-8186A7635C13}.Release|x64.Build.0 = Release|Any CPU
		{93AB430E-E258-4366-A22D-8186A7635C13}.Release|x86.ActiveCfg = Release|Any CPU
		{93AB430E-E258-4366-A22D-8186A7635C13}.Release|x86.Build.0 = Release|Any CPU
		{FB3840C3-A736-4E14-8AE9-3B5E451AD5E8}.Debug|Any CPU.ActiveCfg = Debug|Any CPU
		{FB3840C3-A736-4E14-8AE9-3B5E451AD5E8}.Debug|Any CPU.Build.0 = Debug|Any CPU
		{FB3840C3-A736-4E14-8AE9-3B5E451AD5E8}.Debug|x64.ActiveCfg = Debug|Any CPU
		{FB3840C3-A736-4E14-8AE9-3B5E451AD5E8}.Debug|x64.Build.0 = Debug|Any CPU
		{FB3840C3-A736-4E14-8AE9-3B5E451AD5E8}.Debug|x86.ActiveCfg = Debug|Any CPU
		{FB3840C3-A736-4E14-8AE9-3B5E451AD5E8}.Debug|x86.Build.0 = Debug|Any CPU
		{FB3840C3-A736-4E14-8AE9-3B5E451AD5E8}.Release|Any CPU.ActiveCfg = Release|Any CPU
		{FB3840C3-A736-4E14-8AE9-3B5E451AD5E8}.Release|Any CPU.Build.0 = Release|Any CPU
		{FB3840C3-A736-4E14-8AE9-3B5E451AD5E8}.Release|x64.ActiveCfg = Release|Any CPU
		{FB3840C3-A736-4E14-8AE9-3B5E451AD5E8}.Release|x64.Build.0 = Release|Any CPU
		{FB3840C3-A736-4E14-8AE9-3B5E451AD5E8}.Release|x86.ActiveCfg = Release|Any CPU
		{FB3840C3-A736-4E14-8AE9-3B5E451AD5E8}.Release|x86.Build.0 = Release|Any CPU
		{2E4F7475-8A44-44DE-97D8-C8BC256D256B}.Debug|Any CPU.ActiveCfg = Debug|Any CPU
		{2E4F7475-8A44-44DE-97D8-C8BC256D256B}.Debug|Any CPU.Build.0 = Debug|Any CPU
		{2E4F7475-8A44-44DE-97D8-C8BC256D256B}.Debug|x64.ActiveCfg = Debug|Any CPU
		{2E4F7475-8A44-44DE-97D8-C8BC256D256B}.Debug|x64.Build.0 = Debug|Any CPU
		{2E4F7475-8A44-44DE-97D8-C8BC256D256B}.Debug|x86.ActiveCfg = Debug|Any CPU
		{2E4F7475-8A44-44DE-97D8-C8BC256D256B}.Debug|x86.Build.0 = Debug|Any CPU
		{2E4F7475-8A44-44DE-97D8-C8BC256D256B}.Release|Any CPU.ActiveCfg = Release|Any CPU
		{2E4F7475-8A44-44DE-97D8-C8BC256D256B}.Release|Any CPU.Build.0 = Release|Any CPU
		{2E4F7475-8A44-44DE-97D8-C8BC256D256B}.Release|x64.ActiveCfg = Release|Any CPU
		{2E4F7475-8A44-44DE-97D8-C8BC256D256B}.Release|x64.Build.0 = Release|Any CPU
		{2E4F7475-8A44-44DE-97D8-C8BC256D256B}.Release|x86.ActiveCfg = Release|Any CPU
		{2E4F7475-8A44-44DE-97D8-C8BC256D256B}.Release|x86.Build.0 = Release|Any CPU
		{EFCDF5B5-73E9-4C60-9D2B-ED2EC51A022A}.Debug|Any CPU.ActiveCfg = Debug|Any CPU
		{EFCDF5B5-73E9-4C60-9D2B-ED2EC51A022A}.Debug|Any CPU.Build.0 = Debug|Any CPU
		{EFCDF5B5-73E9-4C60-9D2B-ED2EC51A022A}.Debug|x64.ActiveCfg = Debug|Any CPU
		{EFCDF5B5-73E9-4C60-9D2B-ED2EC51A022A}.Debug|x64.Build.0 = Debug|Any CPU
		{EFCDF5B5-73E9-4C60-9D2B-ED2EC51A022A}.Debug|x86.ActiveCfg = Debug|Any CPU
		{EFCDF5B5-73E9-4C60-9D2B-ED2EC51A022A}.Debug|x86.Build.0 = Debug|Any CPU
		{EFCDF5B5-73E9-4C60-9D2B-ED2EC51A022A}.Release|Any CPU.ActiveCfg = Release|Any CPU
		{EFCDF5B5-73E9-4C60-9D2B-ED2EC51A022A}.Release|Any CPU.Build.0 = Release|Any CPU
		{EFCDF5B5-73E9-4C60-9D2B-ED2EC51A022A}.Release|x64.ActiveCfg = Release|Any CPU
		{EFCDF5B5-73E9-4C60-9D2B-ED2EC51A022A}.Release|x64.Build.0 = Release|Any CPU
		{EFCDF5B5-73E9-4C60-9D2B-ED2EC51A022A}.Release|x86.ActiveCfg = Release|Any CPU
		{EFCDF5B5-73E9-4C60-9D2B-ED2EC51A022A}.Release|x86.Build.0 = Release|Any CPU
		{8FAF1390-D568-448E-960D-7B200064E160}.Debug|Any CPU.ActiveCfg = Debug|Any CPU
		{8FAF1390-D568-448E-960D-7B200064E160}.Debug|Any CPU.Build.0 = Debug|Any CPU
		{8FAF1390-D568-448E-960D-7B200064E160}.Debug|x64.ActiveCfg = Debug|Any CPU
		{8FAF1390-D568-448E-960D-7B200064E160}.Debug|x64.Build.0 = Debug|Any CPU
		{8FAF1390-D568-448E-960D-7B200064E160}.Debug|x86.ActiveCfg = Debug|Any CPU
		{8FAF1390-D568-448E-960D-7B200064E160}.Debug|x86.Build.0 = Debug|Any CPU
		{8FAF1390-D568-448E-960D-7B200064E160}.Release|Any CPU.ActiveCfg = Release|Any CPU
		{8FAF1390-D568-448E-960D-7B200064E160}.Release|Any CPU.Build.0 = Release|Any CPU
		{8FAF1390-D568-448E-960D-7B200064E160}.Release|x64.ActiveCfg = Release|Any CPU
		{8FAF1390-D568-448E-960D-7B200064E160}.Release|x64.Build.0 = Release|Any CPU
		{8FAF1390-D568-448E-960D-7B200064E160}.Release|x86.ActiveCfg = Release|Any CPU
		{8FAF1390-D568-448E-960D-7B200064E160}.Release|x86.Build.0 = Release|Any CPU
		{DD503B65-DFA8-4064-950E-CC3D1F2DDDDA}.Debug|Any CPU.ActiveCfg = Debug|Any CPU
		{DD503B65-DFA8-4064-950E-CC3D1F2DDDDA}.Debug|Any CPU.Build.0 = Debug|Any CPU
		{DD503B65-DFA8-4064-950E-CC3D1F2DDDDA}.Debug|x64.ActiveCfg = Debug|Any CPU
		{DD503B65-DFA8-4064-950E-CC3D1F2DDDDA}.Debug|x64.Build.0 = Debug|Any CPU
		{DD503B65-DFA8-4064-950E-CC3D1F2DDDDA}.Debug|x86.ActiveCfg = Debug|Any CPU
		{DD503B65-DFA8-4064-950E-CC3D1F2DDDDA}.Debug|x86.Build.0 = Debug|Any CPU
		{DD503B65-DFA8-4064-950E-CC3D1F2DDDDA}.Release|Any CPU.ActiveCfg = Release|Any CPU
		{DD503B65-DFA8-4064-950E-CC3D1F2DDDDA}.Release|Any CPU.Build.0 = Release|Any CPU
		{DD503B65-DFA8-4064-950E-CC3D1F2DDDDA}.Release|x64.ActiveCfg = Release|Any CPU
		{DD503B65-DFA8-4064-950E-CC3D1F2DDDDA}.Release|x64.Build.0 = Release|Any CPU
		{DD503B65-DFA8-4064-950E-CC3D1F2DDDDA}.Release|x86.ActiveCfg = Release|Any CPU
		{DD503B65-DFA8-4064-950E-CC3D1F2DDDDA}.Release|x86.Build.0 = Release|Any CPU
	EndGlobalSection
	GlobalSection(SolutionProperties) = preSolution
		HideSolutionNode = FALSE
	EndGlobalSection
EndGlobal
